
Microsoft Visual Studio Solution File, Format Version 12.00
# Visual Studio Version 17
VisualStudioVersion = 17.3.32929.385
MinimumVisualStudioVersion = 10.0.40219.1
Project("{FAE04EC0-301F-11D3-BF4B-00C04F79EFBC}") = "DatalogicComHelper", "DatalogicComHelper\DatalogicComHelper.csproj", "{CBE89E00-9A7A-49D3-82EE-914B8B963652}"
EndProject
Global
	GlobalSection(SolutionConfigurationPlatforms) = preSolution
		Debug|Any CPU = Debug|Any CPU
		Release|Any CPU = Release|Any CPU
	EndGlobalSection
	GlobalSection(ProjectConfigurationPlatforms) = postSolution
		{CBE89E00-9A7A-49D3-82EE-914B8B963652}.Debug|Any CPU.ActiveCfg = Debug|Any CPU
		{CBE89E00-9A7A-49D3-82EE-914B8B963652}.Debug|Any CPU.Build.0 = Debug|Any CPU
		{CBE89E00-9A7A-49D3-82EE-914B8B963652}.Release|Any CPU.ActiveCfg = Release|Any CPU
		{CBE89E00-9A7A-49D3-82EE-914B8B963652}.Release|Any CPU.Build.0 = Release|Any CPU
	EndGlobalSection
	GlobalSection(SolutionProperties) = preSolution
		HideSolutionNode = FALSE
	EndGlobalSection
	GlobalSection(ExtensibilityGlobals) = postSolution
		SolutionGuid = {B89DC544-C788-4738-98BB-DFCD55B7053E}
	EndGlobalSection
EndGlobal
